
Microsoft Visual Studio Solution File, Format Version 12.00
# Visual Studio Version 16
VisualStudioVersion = 16.0.29728.190
MinimumVisualStudioVersion = 10.0.40219.1
Project("{2150E333-8FDC-42A3-9474-1A3956D46DE8}") = "Microservices", "Microservices", "{B3B5EAC1-118A-4A74-A34B-E1FF1520374B}"
EndProject
Project("{2150E333-8FDC-42A3-9474-1A3956D46DE8}") = "Domain", "Domain", "{AE774F65-3B6A-49C1-A96D-6BE094B2001C}"
EndProject
Project("{2150E333-8FDC-42A3-9474-1A3956D46DE8}") = "Infra.Bus", "Infra.Bus", "{4613812D-272C-4BB2-B77B-B4AB0E8CD81B}"
EndProject
Project("{2150E333-8FDC-42A3-9474-1A3956D46DE8}") = "infra.IOC", "infra.IOC", "{FE7CCB62-BE8D-45EB-ADFB-A333156E6ED0}"
EndProject
Project("{2150E333-8FDC-42A3-9474-1A3956D46DE8}") = "Presentation", "Presentation", "{3FA9C82F-69A9-4C49-B81D-742B6E51C5C9}"
EndProject
Project("{9A19103F-16F7-4668-BE54-9A1E7A4F7556}") = "MicroRabbit.Domain.Core", "MicroRabbit.Domain.Core\MicroRabbit.Domain.Core.csproj", "{5185FD41-5EF7-41CF-8FD7-B2911D8D6BFD}"
EndProject
Project("{9A19103F-16F7-4668-BE54-9A1E7A4F7556}") = "MicroRabbit.Infra.Bus", "MicroRabbit.Infra.Bus\MicroRabbit.Infra.Bus.csproj", "{8E2F82F3-77C1-479F-9E87-59BC6626DC0A}"
EndProject
Project("{9A19103F-16F7-4668-BE54-9A1E7A4F7556}") = "MicroRabbit.Infra.IOC", "MicroRabbit.Infra.IOC\MicroRabbit.Infra.IOC.csproj", "{7364A69A-85D2-47E3-9034-8E62313F41FC}"
EndProject
Project("{2150E333-8FDC-42A3-9474-1A3956D46DE8}") = "Banking", "Banking", "{A7553245-3A69-40D0-A3D5-25EC61410CFB}"
EndProject
Project("{2150E333-8FDC-42A3-9474-1A3956D46DE8}") = "Api", "Api", "{6B08A63E-77E1-4D17-BB5A-7CC4011E6D68}"
EndProject
Project("{2150E333-8FDC-42A3-9474-1A3956D46DE8}") = "Domain", "Domain", "{990B6134-ACC4-478E-BBB1-98D26E7499B9}"
EndProject
Project("{2150E333-8FDC-42A3-9474-1A3956D46DE8}") = "Application", "Application", "{99EC72F1-FD19-4B02-BC79-801B3966CA8B}"
EndProject
Project("{2150E333-8FDC-42A3-9474-1A3956D46DE8}") = "Data", "Data", "{AF3D2D74-EC11-4087-B3F7-F1AD988CBAD0}"
EndProject
Project("{9A19103F-16F7-4668-BE54-9A1E7A4F7556}") = "MicroRabbit.Banking.Api", "MicroRabbit.Banking.Api\MicroRabbit.Banking.Api.csproj", "{6029925D-8D42-41B1-A25C-39330DB495A3}"
EndProject
Project("{9A19103F-16F7-4668-BE54-9A1E7A4F7556}") = "MicroRabbit.Banking.Application", "MicroRabbit.Banking.Application\MicroRabbit.Banking.Application.csproj", "{19E3EEC3-BA2E-4F6E-981C-3EA8B4AA00A7}"
EndProject
Project("{9A19103F-16F7-4668-BE54-9A1E7A4F7556}") = "MicroRabbit.Banking.Domain", "MicroRabbit.Banking.Domain\MicroRabbit.Banking.Domain.csproj", "{36996157-2DE0-4062-BC96-9F8CD1A765F1}"
EndProject
Project("{9A19103F-16F7-4668-BE54-9A1E7A4F7556}") = "MicroRabbit.Banking.Data", "MicroRabbit.Banking.Data\MicroRabbit.Banking.Data.csproj", "{DB13226C-3099-4BC1-8F02-CED3CF0DC4E6}"
EndProject
Project("{2150E333-8FDC-42A3-9474-1A3956D46DE8}") = "Transfer", "Transfer", "{60F3AD27-62C2-45FE-AF58-FA2200AA3EFE}"
EndProject
Project("{2150E333-8FDC-42A3-9474-1A3956D46DE8}") = "API", "API", "{561A906D-7F9A-4888-AAA3-06668BF2BF81}"
EndProject
Project("{2150E333-8FDC-42A3-9474-1A3956D46DE8}") = "Application", "Application", "{EE4D4BC0-54E3-4938-BB5F-0748DB657F87}"
EndProject
Project("{2150E333-8FDC-42A3-9474-1A3956D46DE8}") = "Data", "Data", "{B836C741-3888-4EB8-9EAB-82E2EA134E43}"
EndProject
Project("{2150E333-8FDC-42A3-9474-1A3956D46DE8}") = "Domain", "Domain", "{992F6A63-6FC6-4FAB-8386-3046631DE6BD}"
EndProject
Project("{F2A71F9B-5D33-465A-A702-920D77279786}") = "MicroRabbit.Transfer.Api", "MicroRabbit.Transfer.Api\MicroRabbit.Transfer.Api.fsproj", "{38BFB2B3-3030-4DA5-A5D1-65E664E1020D}"
EndProject
Project("{FAE04EC0-301F-11D3-BF4B-00C04F79EFBC}") = "MicroRabbit.Transfer.Application", "MicroRabbit.Transfer.Application\MicroRabbit.Transfer.Application.csproj", "{ECD46127-545E-4EBA-9D59-CCD46A7E34DB}"
EndProject
Project("{FAE04EC0-301F-11D3-BF4B-00C04F79EFBC}") = "MicroRabbit.Transfer.Data", "MicroRabbit.Transfer.Data\MicroRabbit.Transfer.Data.csproj", "{B9CACF54-EC1C-432A-988D-029B0F3B7FDB}"
EndProject
Project("{FAE04EC0-301F-11D3-BF4B-00C04F79EFBC}") = "MicroRabbit.Transfer.Domain", "MicroRabbit.Transfer.Domain\MicroRabbit.Transfer.Domain.csproj", "{DC9055DF-95A9-4DB9-926F-B644A8C9CA84}"
EndProject
Global
	GlobalSection(SolutionConfigurationPlatforms) = preSolution
		Debug|Any CPU = Debug|Any CPU
		Release|Any CPU = Release|Any CPU
	EndGlobalSection
	GlobalSection(ProjectConfigurationPlatforms) = postSolution
		{5185FD41-5EF7-41CF-8FD7-B2911D8D6BFD}.Debug|Any CPU.ActiveCfg = Debug|Any CPU
		{5185FD41-5EF7-41CF-8FD7-B2911D8D6BFD}.Debug|Any CPU.Build.0 = Debug|Any CPU
		{5185FD41-5EF7-41CF-8FD7-B2911D8D6BFD}.Release|Any CPU.ActiveCfg = Release|Any CPU
		{5185FD41-5EF7-41CF-8FD7-B2911D8D6BFD}.Release|Any CPU.Build.0 = Release|Any CPU
		{8E2F82F3-77C1-479F-9E87-59BC6626DC0A}.Debug|Any CPU.ActiveCfg = Debug|Any CPU
		{8E2F82F3-77C1-479F-9E87-59BC6626DC0A}.Debug|Any CPU.Build.0 = Debug|Any CPU
		{8E2F82F3-77C1-479F-9E87-59BC6626DC0A}.Release|Any CPU.ActiveCfg = Release|Any CPU
		{8E2F82F3-77C1-479F-9E87-59BC6626DC0A}.Release|Any CPU.Build.0 = Release|Any CPU
		{7364A69A-85D2-47E3-9034-8E62313F41FC}.Debug|Any CPU.ActiveCfg = Debug|Any CPU
		{7364A69A-85D2-47E3-9034-8E62313F41FC}.Debug|Any CPU.Build.0 = Debug|Any CPU
		{7364A69A-85D2-47E3-9034-8E62313F41FC}.Release|Any CPU.ActiveCfg = Release|Any CPU
		{7364A69A-85D2-47E3-9034-8E62313F41FC}.Release|Any CPU.Build.0 = Release|Any CPU
		{6029925D-8D42-41B1-A25C-39330DB495A3}.Debug|Any CPU.ActiveCfg = Debug|Any CPU
		{6029925D-8D42-41B1-A25C-39330DB495A3}.Debug|Any CPU.Build.0 = Debug|Any CPU
		{6029925D-8D42-41B1-A25C-39330DB495A3}.Release|Any CPU.ActiveCfg = Release|Any CPU
		{6029925D-8D42-41B1-A25C-39330DB495A3}.Release|Any CPU.Build.0 = Release|Any CPU
		{19E3EEC3-BA2E-4F6E-981C-3EA8B4AA00A7}.Debug|Any CPU.ActiveCfg = Debug|Any CPU
		{19E3EEC3-BA2E-4F6E-981C-3EA8B4AA00A7}.Debug|Any CPU.Build.0 = Debug|Any CPU
		{19E3EEC3-BA2E-4F6E-981C-3EA8B4AA00A7}.Release|Any CPU.ActiveCfg = Release|Any CPU
		{19E3EEC3-BA2E-4F6E-981C-3EA8B4AA00A7}.Release|Any CPU.Build.0 = Release|Any CPU
		{36996157-2DE0-4062-BC96-9F8CD1A765F1}.Debug|Any CPU.ActiveCfg = Debug|Any CPU
		{36996157-2DE0-4062-BC96-9F8CD1A765F1}.Debug|Any CPU.Build.0 = Debug|Any CPU
		{36996157-2DE0-4062-BC96-9F8CD1A765F1}.Release|Any CPU.ActiveCfg = Release|Any CPU
		{36996157-2DE0-4062-BC96-9F8CD1A765F1}.Release|Any CPU.Build.0 = Release|Any CPU
		{DB13226C-3099-4BC1-8F02-CED3CF0DC4E6}.Debug|Any CPU.ActiveCfg = Debug|Any CPU
		{DB13226C-3099-4BC1-8F02-CED3CF0DC4E6}.Debug|Any CPU.Build.0 = Debug|Any CPU
		{DB13226C-3099-4BC1-8F02-CED3CF0DC4E6}.Release|Any CPU.ActiveCfg = Release|Any CPU
		{DB13226C-3099-4BC1-8F02-CED3CF0DC4E6}.Release|Any CPU.Build.0 = Release|Any CPU
		{38BFB2B3-3030-4DA5-A5D1-65E664E1020D}.Debug|Any CPU.ActiveCfg = Debug|Any CPU
		{38BFB2B3-3030-4DA5-A5D1-65E664E1020D}.Debug|Any CPU.Build.0 = Debug|Any CPU
		{38BFB2B3-3030-4DA5-A5D1-65E664E1020D}.Release|Any CPU.ActiveCfg = Release|Any CPU
		{38BFB2B3-3030-4DA5-A5D1-65E664E1020D}.Release|Any CPU.Build.0 = Release|Any CPU
		{ECD46127-545E-4EBA-9D59-CCD46A7E34DB}.Debug|Any CPU.ActiveCfg = Debug|Any CPU
		{ECD46127-545E-4EBA-9D59-CCD46A7E34DB}.Debug|Any CPU.Build.0 = Debug|Any CPU
		{ECD46127-545E-4EBA-9D59-CCD46A7E34DB}.Release|Any CPU.ActiveCfg = Release|Any CPU
		{ECD46127-545E-4EBA-9D59-CCD46A7E34DB}.Release|Any CPU.Build.0 = Release|Any CPU
		{B9CACF54-EC1C-432A-988D-029B0F3B7FDB}.Debug|Any CPU.ActiveCfg = Debug|Any CPU
		{B9CACF54-EC1C-432A-988D-029B0F3B7FDB}.Debug|Any CPU.Build.0 = Debug|Any CPU
		{B9CACF54-EC1C-432A-988D-029B0F3B7FDB}.Release|Any CPU.ActiveCfg = Release|Any CPU
		{B9CACF54-EC1C-432A-988D-029B0F3B7FDB}.Release|Any CPU.Build.0 = Release|Any CPU
		{DC9055DF-95A9-4DB9-926F-B644A8C9CA84}.Debug|Any CPU.ActiveCfg = Debug|Any CPU
		{DC9055DF-95A9-4DB9-926F-B644A8C9CA84}.Debug|Any CPU.Build.0 = Debug|Any CPU
		{DC9055DF-95A9-4DB9-926F-B644A8C9CA84}.Release|Any CPU.ActiveCfg = Release|Any CPU
		{DC9055DF-95A9-4DB9-926F-B644A8C9CA84}.Release|Any CPU.Build.0 = Release|Any CPU
	EndGlobalSection
	GlobalSection(SolutionProperties) = preSolution
		HideSolutionNode = FALSE
	EndGlobalSection
	GlobalSection(NestedProjects) = preSolution
		{5185FD41-5EF7-41CF-8FD7-B2911D8D6BFD} = {AE774F65-3B6A-49C1-A96D-6BE094B2001C}
		{8E2F82F3-77C1-479F-9E87-59BC6626DC0A} = {4613812D-272C-4BB2-B77B-B4AB0E8CD81B}
		{7364A69A-85D2-47E3-9034-8E62313F41FC} = {FE7CCB62-BE8D-45EB-ADFB-A333156E6ED0}
		{A7553245-3A69-40D0-A3D5-25EC61410CFB} = {B3B5EAC1-118A-4A74-A34B-E1FF1520374B}
		{6B08A63E-77E1-4D17-BB5A-7CC4011E6D68} = {A7553245-3A69-40D0-A3D5-25EC61410CFB}
		{990B6134-ACC4-478E-BBB1-98D26E7499B9} = {A7553245-3A69-40D0-A3D5-25EC61410CFB}
		{99EC72F1-FD19-4B02-BC79-801B3966CA8B} = {A7553245-3A69-40D0-A3D5-25EC61410CFB}
		{AF3D2D74-EC11-4087-B3F7-F1AD988CBAD0} = {A7553245-3A69-40D0-A3D5-25EC61410CFB}
		{6029925D-8D42-41B1-A25C-39330DB495A3} = {6B08A63E-77E1-4D17-BB5A-7CC4011E6D68}
		{19E3EEC3-BA2E-4F6E-981C-3EA8B4AA00A7} = {99EC72F1-FD19-4B02-BC79-801B3966CA8B}
		{36996157-2DE0-4062-BC96-9F8CD1A765F1} = {990B6134-ACC4-478E-BBB1-98D26E7499B9}
		{DB13226C-3099-4BC1-8F02-CED3CF0DC4E6} = {AF3D2D74-EC11-4087-B3F7-F1AD988CBAD0}
		{60F3AD27-62C2-45FE-AF58-FA2200AA3EFE} = {B3B5EAC1-118A-4A74-A34B-E1FF1520374B}
		{561A906D-7F9A-4888-AAA3-06668BF2BF81} = {60F3AD27-62C2-45FE-AF58-FA2200AA3EFE}
		{EE4D4BC0-54E3-4938-BB5F-0748DB657F87} = {60F3AD27-62C2-45FE-AF58-FA2200AA3EFE}
		{B836C741-3888-4EB8-9EAB-82E2EA134E43} = {60F3AD27-62C2-45FE-AF58-FA2200AA3EFE}
		{992F6A63-6FC6-4FAB-8386-3046631DE6BD} = {60F3AD27-62C2-45FE-AF58-FA2200AA3EFE}
		{38BFB2B3-3030-4DA5-A5D1-65E664E1020D} = {561A906D-7F9A-4888-AAA3-06668BF2BF81}
		{ECD46127-545E-4EBA-9D59-CCD46A7E34DB} = {EE4D4BC0-54E3-4938-BB5F-0748DB657F87}
		{B9CACF54-EC1C-432A-988D-029B0F3B7FDB} = {B836C741-3888-4EB8-9EAB-82E2EA134E43}
		{DC9055DF-95A9-4DB9-926F-B644A8C9CA84} = {992F6A63-6FC6-4FAB-8386-3046631DE6BD}
	EndGlobalSection
	GlobalSection(ExtensibilityGlobals) = postSolution
		SolutionGuid = {684E88A9-CC23-4894-A035-96C282CE09ED}
	EndGlobalSection
EndGlobal
