
Microsoft Visual Studio Solution File, Format Version 12.00
# Visual Studio Version 16
VisualStudioVersion = 16.0.29728.190
MinimumVisualStudioVersion = 10.0.40219.1
Project("{2150E333-8FDC-42A3-9474-1A3956D46DE8}") = "Microservices", "Microservices", "{B3B5EAC1-118A-4A74-A34B-E1FF1520374B}"
EndProject
Project("{2150E333-8FDC-42A3-9474-1A3956D46DE8}") = "Domain", "Domain", "{AE774F65-3B6A-49C1-A96D-6BE094B2001C}"
EndProject
Project("{2150E333-8FDC-42A3-9474-1A3956D46DE8}") = "Infra.Bus", "Infra.Bus", "{4613812D-272C-4BB2-B77B-B4AB0E8CD81B}"
EndProject
Project("{2150E333-8FDC-42A3-9474-1A3956D46DE8}") = "infra.IOC", "infra.IOC", "{FE7CCB62-BE8D-45EB-ADFB-A333156E6ED0}"
EndProject
Project("{2150E333-8FDC-42A3-9474-1A3956D46DE8}") = "Presentation", "Presentation", "{3FA9C82F-69A9-4C49-B81D-742B6E51C5C9}"
EndProject
Project("{9A19103F-16F7-4668-BE54-9A1E7A4F7556}") = "MicroRabbit.Domain.Core", "MicroRabbit.Domain.Core\MicroRabbit.Domain.Core.csproj", "{5185FD41-5EF7-41CF-8FD7-B2911D8D6BFD}"
EndProject
Project("{9A19103F-16F7-4668-BE54-9A1E7A4F7556}") = "MicroRabbit.Infra.Bus", "MicroRabbit.Infra.Bus\MicroRabbit.Infra.Bus.csproj", "{8E2F82F3-77C1-479F-9E87-59BC6626DC0A}"
EndProject
Project("{FAE04EC0-301F-11D3-BF4B-00C04F79EFBC}") = "MicroRabbit.Infra.IOC", "MicroRabbit.Infra.IOC\MicroRabbit.Infra.IOC.csproj", "{7364A69A-85D2-47E3-9034-8E62313F41FC}"
EndProject
Project("{2150E333-8FDC-42A3-9474-1A3956D46DE8}") = "Banking", "Banking", "{A7553245-3A69-40D0-A3D5-25EC61410CFB}"
EndProject
Project("{2150E333-8FDC-42A3-9474-1A3956D46DE8}") = "Api", "Api", "{6B08A63E-77E1-4D17-BB5A-7CC4011E6D68}"
EndProject
Project("{2150E333-8FDC-42A3-9474-1A3956D46DE8}") = "Domain", "Domain", "{990B6134-ACC4-478E-BBB1-98D26E7499B9}"
EndProject
Project("{2150E333-8FDC-42A3-9474-1A3956D46DE8}") = "Application", "Application", "{99EC72F1-FD19-4B02-BC79-801B3966CA8B}"
EndProject
Project("{2150E333-8FDC-42A3-9474-1A3956D46DE8}") = "Data", "Data", "{AF3D2D74-EC11-4087-B3F7-F1AD988CBAD0}"
EndProject
Project("{FAE04EC0-301F-11D3-BF4B-00C04F79EFBC}") = "MicroRabbit.Banking.Api", "MicroRabbit.Banking.Api\MicroRabbit.Banking.Api.csproj", "{6029925D-8D42-41B1-A25C-39330DB495A3}"
EndProject
Project("{FAE04EC0-301F-11D3-BF4B-00C04F79EFBC}") = "MicroRabbit.Banking.Application", "MicroRabbit.Banking.Application\MicroRabbit.Banking.Application.csproj", "{19E3EEC3-BA2E-4F6E-981C-3EA8B4AA00A7}"
EndProject
Project("{FAE04EC0-301F-11D3-BF4B-00C04F79EFBC}") = "MicroRabbit.Banking.Data", "MicroRabbit.Banking.Data\MicroRabbit.Banking.Data.csproj", "{54BD19A1-C904-4DFF-A2E5-203069C156FF}"
EndProject
Project("{FAE04EC0-301F-11D3-BF4B-00C04F79EFBC}") = "MicroRabbit.Banking.Domain", "MicroRabbit.Banking.Domain\MicroRabbit.Banking.Domain.csproj", "{36996157-2DE0-4062-BC96-9F8CD1A765F1}"
EndProject
Global
	GlobalSection(SolutionConfigurationPlatforms) = preSolution
		Debug|Any CPU = Debug|Any CPU
		Release|Any CPU = Release|Any CPU
	EndGlobalSection
	GlobalSection(ProjectConfigurationPlatforms) = postSolution
		{5185FD41-5EF7-41CF-8FD7-B2911D8D6BFD}.Debug|Any CPU.ActiveCfg = Debug|Any CPU
		{5185FD41-5EF7-41CF-8FD7-B2911D8D6BFD}.Debug|Any CPU.Build.0 = Debug|Any CPU
		{5185FD41-5EF7-41CF-8FD7-B2911D8D6BFD}.Release|Any CPU.ActiveCfg = Release|Any CPU
		{5185FD41-5EF7-41CF-8FD7-B2911D8D6BFD}.Release|Any CPU.Build.0 = Release|Any CPU
		{8E2F82F3-77C1-479F-9E87-59BC6626DC0A}.Debug|Any CPU.ActiveCfg = Debug|Any CPU
		{8E2F82F3-77C1-479F-9E87-59BC6626DC0A}.Debug|Any CPU.Build.0 = Debug|Any CPU
		{8E2F82F3-77C1-479F-9E87-59BC6626DC0A}.Release|Any CPU.ActiveCfg = Release|Any CPU
		{8E2F82F3-77C1-479F-9E87-59BC6626DC0A}.Release|Any CPU.Build.0 = Release|Any CPU
		{7364A69A-85D2-47E3-9034-8E62313F41FC}.Debug|Any CPU.ActiveCfg = Debug|Any CPU
		{7364A69A-85D2-47E3-9034-8E62313F41FC}.Debug|Any CPU.Build.0 = Debug|Any CPU
		{7364A69A-85D2-47E3-9034-8E62313F41FC}.Release|Any CPU.ActiveCfg = Release|Any CPU
		{7364A69A-85D2-47E3-9034-8E62313F41FC}.Release|Any CPU.Build.0 = Release|Any CPU
		{6029925D-8D42-41B1-A25C-39330DB495A3}.Debug|Any CPU.ActiveCfg = Debug|Any CPU
		{6029925D-8D42-41B1-A25C-39330DB495A3}.Debug|Any CPU.Build.0 = Debug|Any CPU
		{6029925D-8D42-41B1-A25C-39330DB495A3}.Release|Any CPU.ActiveCfg = Release|Any CPU
		{6029925D-8D42-41B1-A25C-39330DB495A3}.Release|Any CPU.Build.0 = Release|Any CPU
		{19E3EEC3-BA2E-4F6E-981C-3EA8B4AA00A7}.Debug|Any CPU.ActiveCfg = Debug|Any CPU
		{19E3EEC3-BA2E-4F6E-981C-3EA8B4AA00A7}.Debug|Any CPU.Build.0 = Debug|Any CPU
		{19E3EEC3-BA2E-4F6E-981C-3EA8B4AA00A7}.Release|Any CPU.ActiveCfg = Release|Any CPU
		{19E3EEC3-BA2E-4F6E-981C-3EA8B4AA00A7}.Release|Any CPU.Build.0 = Release|Any CPU
		{54BD19A1-C904-4DFF-A2E5-203069C156FF}.Debug|Any CPU.ActiveCfg = Debug|Any CPU
		{54BD19A1-C904-4DFF-A2E5-203069C156FF}.Debug|Any CPU.Build.0 = Debug|Any CPU
		{54BD19A1-C904-4DFF-A2E5-203069C156FF}.Release|Any CPU.ActiveCfg = Release|Any CPU
		{54BD19A1-C904-4DFF-A2E5-203069C156FF}.Release|Any CPU.Build.0 = Release|Any CPU
		{36996157-2DE0-4062-BC96-9F8CD1A765F1}.Debug|Any CPU.ActiveCfg = Debug|Any CPU
		{36996157-2DE0-4062-BC96-9F8CD1A765F1}.Debug|Any CPU.Build.0 = Debug|Any CPU
		{36996157-2DE0-4062-BC96-9F8CD1A765F1}.Release|Any CPU.ActiveCfg = Release|Any CPU
		{36996157-2DE0-4062-BC96-9F8CD1A765F1}.Release|Any CPU.Build.0 = Release|Any CPU
	EndGlobalSection
	GlobalSection(SolutionProperties) = preSolution
		HideSolutionNode = FALSE
	EndGlobalSection
	GlobalSection(NestedProjects) = preSolution
		{5185FD41-5EF7-41CF-8FD7-B2911D8D6BFD} = {AE774F65-3B6A-49C1-A96D-6BE094B2001C}
		{8E2F82F3-77C1-479F-9E87-59BC6626DC0A} = {4613812D-272C-4BB2-B77B-B4AB0E8CD81B}
		{7364A69A-85D2-47E3-9034-8E62313F41FC} = {FE7CCB62-BE8D-45EB-ADFB-A333156E6ED0}
		{A7553245-3A69-40D0-A3D5-25EC61410CFB} = {B3B5EAC1-118A-4A74-A34B-E1FF1520374B}
		{6B08A63E-77E1-4D17-BB5A-7CC4011E6D68} = {A7553245-3A69-40D0-A3D5-25EC61410CFB}
		{990B6134-ACC4-478E-BBB1-98D26E7499B9} = {A7553245-3A69-40D0-A3D5-25EC61410CFB}
		{99EC72F1-FD19-4B02-BC79-801B3966CA8B} = {A7553245-3A69-40D0-A3D5-25EC61410CFB}
		{AF3D2D74-EC11-4087-B3F7-F1AD988CBAD0} = {A7553245-3A69-40D0-A3D5-25EC61410CFB}
		{6029925D-8D42-41B1-A25C-39330DB495A3} = {6B08A63E-77E1-4D17-BB5A-7CC4011E6D68}
		{19E3EEC3-BA2E-4F6E-981C-3EA8B4AA00A7} = {99EC72F1-FD19-4B02-BC79-801B3966CA8B}
		{54BD19A1-C904-4DFF-A2E5-203069C156FF} = {AF3D2D74-EC11-4087-B3F7-F1AD988CBAD0}
		{36996157-2DE0-4062-BC96-9F8CD1A765F1} = {990B6134-ACC4-478E-BBB1-98D26E7499B9}
	EndGlobalSection
	GlobalSection(ExtensibilityGlobals) = postSolution
		SolutionGuid = {684E88A9-CC23-4894-A035-96C282CE09ED}
	EndGlobalSection
EndGlobal
